Microsoft Visual Studio Solution File, Format Version 12.00
# Visual Studio Version 17
VisualStudioVersion = 17.5.2.0
MinimumVisualStudioVersion = 10.0.40219.1
Project("{FAE04EC0-301F-11D3-BF4B-00C04F79EFBC}") = "BudgetFlow.API", "BudgetFlow.API.csproj", "{8218DCA5-24F6-4675-C367-F22BBCEE7631}"
EndProject
Global
	GlobalSection(SolutionConfigurationPlatforms) = preSolution
		Debug|Any CPU = Debug|Any CPU
		Release|Any CPU = Release|Any CPU
	EndGlobalSection
	GlobalSection(ProjectConfigurationPlatforms) = postSolution
		{8218DCA5-24F6-4675-C367-F22BBCEE7631}.Debug|Any CPU.ActiveCfg = Debug|Any CPU
		{8218DCA5-24F6-4675-C367-F22BBCEE7631}.Debug|Any CPU.Build.0 = Debug|Any CPU
		{8218DCA5-24F6-4675-C367-F22BBCEE7631}.Release|Any CPU.ActiveCfg = Release|Any CPU
		{8218DCA5-24F6-4675-C367-F22BBCEE7631}.Release|Any CPU.Build.0 = Release|Any CPU
	EndGlobalSection
	GlobalSection(SolutionProperties) = preSolution
		HideSolutionNode = FALSE
	EndGlobalSection
	GlobalSection(ExtensibilityGlobals) = postSolution
		SolutionGuid = {45B5D85C-A61E-40FD-8B56-9D50FE4BBB23}
	EndGlobalSection
EndGlobal
